
Microsoft Visual Studio Solution File, Format Version 12.00
# Visual Studio Version 17
VisualStudioVersion = 17.3.32825.248
MinimumVisualStudioVersion = 10.0.40219.1
Project("{FAE04EC0-301F-11D3-BF4B-00C04F79EFBC}") = "SunKindergarten", "SunKindergarten\SunKindergarten.csproj", "{73CBA152-2BCE-4410-8785-033AE99CB4C9}"
EndProject
Global
	GlobalSection(SolutionConfigurationPlatforms) = preSolution
		Debug|Any CPU = Debug|Any CPU
		Release|Any CPU = Release|Any CPU
	EndGlobalSection
	GlobalSection(ProjectConfigurationPlatforms) = postSolution
		{73CBA152-2BCE-4410-8785-033AE99CB4C9}.Debug|Any CPU.ActiveCfg = Debug|Any CPU
		{73CBA152-2BCE-4410-8785-033AE99CB4C9}.Debug|Any CPU.Build.0 = Debug|Any CPU
		{73CBA152-2BCE-4410-8785-033AE99CB4C9}.Release|Any CPU.ActiveCfg = Release|Any CPU
		{73CBA152-2BCE-4410-8785-033AE99CB4C9}.Release|Any CPU.Build.0 = Release|Any CPU
	EndGlobalSection
	GlobalSection(SolutionProperties) = preSolution
		HideSolutionNode = FALSE
	EndGlobalSection
	GlobalSection(ExtensibilityGlobals) = postSolution
		SolutionGuid = {14975951-4A85-458C-9CE6-C9D6E02A519C}
	EndGlobalSection
EndGlobal
